dependencies:
- name: cockroachdb
  repository: https://helm.estafette.io/
  version: 1.0.0-master-35
- name: estafette-ci-web
  repository: https://helm.estafette.io/
  version: 1.0.0-add-official-helm-chart-623
- name: estafette-ci-api
  repository: https://helm.estafette.io/
  version: 1.0.0-add-official-helm-chart-891
- name: estafette-ci-cron-event-sender
  repository: https://helm.estafette.io/
  version: 1.0.0-add-official-helm-chart-42
digest: sha256:abddc994f72843f21fe9f8fba59c60eaa1aa8a28cca3f3eb03d91e94e21fed73
generated: "2019-11-13T11:08:00.241182+01:00"
